// !$*UTF8*$!
{
	archiveVersion = 1;
	classes = {
	};
	objectVersion = 56;
	objects = {

/* Begin PBXBuildFile section */
		1E979AA82CB6FC3200A09FC2 /* CompleteToDoIntent.swift in Sources */ = {isa = PBXBuildFile; fileRef = 1E979AA72CB6FC3200A09FC2 /* CompleteToDoIntent.swift */; };
		1E979AA92CB6FD5A00A09FC2 /* CompleteToDoIntent.swift in Sources */ = {isa = PBXBuildFile; fileRef = 1E979AA72CB6FC3200A09FC2 /* CompleteToDoIntent.swift */; };
		1E9C93012CB6B7ED00173302 /* InteractiveWidgetKitApp.swift in Sources */ = {isa = PBXBuildFile; fileRef = 1E9C93002CB6B7ED00173302 /* InteractiveWidgetKitApp.swift */; };
		1E9C93032CB6B7ED00173302 /* ContentView.swift in Sources */ = {isa = PBXBuildFile; fileRef = 1E9C93022CB6B7ED00173302 /* ContentView.swift */; };
		1E9C93052CB6B7EE00173302 /* Assets.xcassets in Resources */ = {isa = PBXBuildFile; fileRef = 1E9C93042CB6B7EE00173302 /* Assets.xcassets */; };
		1E9C93082CB6B7EE00173302 /* Preview Assets.xcassets in Resources */ = {isa = PBXBuildFile; fileRef = 1E9C93072CB6B7EE00173302 /* Preview Assets.xcassets */; };
		1E9C93152CB6B84D00173302 /* WidgetKit.framework in Frameworks */ = {isa = PBXBuildFile; fileRef = 1E9C93142CB6B84D00173302 /* WidgetKit.framework */; };
		1E9C93172CB6B84D00173302 /* SwiftUI.framework in Frameworks */ = {isa = PBXBuildFile; fileRef = 1E9C93162CB6B84D00173302 /* SwiftUI.framework */; };
		1E9C931A2CB6B84D00173302 /* ToDoWidgetBundle.swift in Sources */ = {isa = PBXBuildFile; fileRef = 1E9C93192CB6B84D00173302 /* ToDoWidgetBundle.swift */; };
		1E9C931C2CB6B84D00173302 /* ToDoWidget.swift in Sources */ = {isa = PBXBuildFile; fileRef = 1E9C931B2CB6B84D00173302 /* ToDoWidget.swift */; };
		1E9C931E2CB6B84F00173302 /* Assets.xcassets in Resources */ = {isa = PBXBuildFile; fileRef = 1E9C931D2CB6B84F00173302 /* Assets.xcassets */; };
		1E9C93222CB6B84F00173302 /* ToDoWidgetExtension.appex in Embed Foundation Extensions */ = {isa = PBXBuildFile; fileRef = 1E9C93122CB6B84D00173302 /* ToDoWidgetExtension.appex */; settings = {ATTRIBUTES = (RemoveHeadersOnCopy, ); }; };
		1E9C93282CB6B88600173302 /* toDo.swift in Sources */ = {isa = PBXBuildFile; fileRef = 1E9C93272CB6B88600173302 /* toDo.swift */; };
		1E9C93292CB6BEA400173302 /* toDo.swift in Sources */ = {isa = PBXBuildFile; fileRef = 1E9C93272CB6B88600173302 /* toDo.swift */; };
/* End PBXBuildFile section */

/* Begin PBXContainerItemProxy section */
		1E9C93202CB6B84F00173302 /* PBXContainerItemProxy */ = {
			isa = PBXContainerItemProxy;
			containerPortal = 1E9C92F52CB6B7ED00173302 /* Project object */;
			proxyType = 1;
			remoteGlobalIDString = 1E9C93112CB6B84D00173302;
			remoteInfo = ToDoWidgetExtension;
		};
/* End PBXContainerItemProxy section */

/* Begin PBXCopyFilesBuildPhase section */
		1E9C93262CB6B84F00173302 /* Embed Foundation Extensions */ = {
			isa = PBXCopyFilesBuildPhase;
			buildActionMask = 2147483647;
			dstPath = "";
			dstSubfolderSpec = 13;
			files = (
				1E9C93222CB6B84F00173302 /* ToDoWidgetExtension.appex in Embed Foundation Extensions */,
			);
			name = "Embed Foundation Extensions";
			runOnlyForDeploymentPostprocessing = 0;
		};
/* End PBXCopyFilesBuildPhase section */

/* Begin PBXFileReference section */
		1E979AA72CB6FC3200A09FC2 /* CompleteToDoIntent.swift */ = {isa = PBXFileReference; lastKnownFileType = sourcecode.swift; path = CompleteToDoIntent.swift; sourceTree = "<group>"; };
		1E9C92FD2CB6B7ED00173302 /* InteractiveWidgetKit.app */ = {isa = PBXFileReference; explicitFileType = wrapper.application; includeInIndex = 0; path = InteractiveWidgetKit.app; sourceTree = BUILT_PRODUCTS_DIR; };
		1E9C93002CB6B7ED00173302 /* InteractiveWidgetKitApp.swift */ = {isa = PBXFileReference; lastKnownFileType = sourcecode.swift; path = InteractiveWidgetKitApp.swift; sourceTree = "<group>"; };
		1E9C93022CB6B7ED00173302 /* ContentView.swift */ = {isa = PBXFileReference; lastKnownFileType = sourcecode.swift; path = ContentView.swift; sourceTree = "<group>"; };
		1E9C93042CB6B7EE00173302 /* Assets.xcassets */ = {isa = PBXFileReference; lastKnownFileType = folder.assetcatalog; path = Assets.xcassets; sourceTree = "<group>"; };
		1E9C93072CB6B7EE00173302 /* Preview Assets.xcassets */ = {isa = PBXFileReference; lastKnownFileType = folder.assetcatalog; path = "Preview Assets.xcassets"; sourceTree = "<group>"; };
		1E9C93122CB6B84D00173302 /* ToDoWidgetExtension.appex */ = {isa = PBXFileReference; explicitFileType = "wrapper.app-extension"; includeInIndex = 0; path = ToDoWidgetExtension.appex; sourceTree = BUILT_PRODUCTS_DIR; };
		1E9C93142CB6B84D00173302 /* WidgetKit.framework */ = {isa = PBXFileReference; lastKnownFileType = wrapper.framework; name = WidgetKit.framework; path = System/Library/Frameworks/WidgetKit.framework; sourceTree = SDKROOT; };
		1E9C93162CB6B84D00173302 /* SwiftUI.framework */ = {isa = PBXFileReference; lastKnownFileType = wrapper.framework; name = SwiftUI.framework; path = System/Library/Frameworks/SwiftUI.framework; sourceTree = SDKROOT; };
		1E9C93192CB6B84D00173302 /* ToDoWidgetBundle.swift */ = {isa = PBXFileReference; lastKnownFileType = sourcecode.swift; path = ToDoWidgetBundle.swift; sourceTree = "<group>"; };
		1E9C931B2CB6B84D00173302 /* ToDoWidget.swift */ = {isa = PBXFileReference; lastKnownFileType = sourcecode.swift; path = ToDoWidget.swift; sourceTree = "<group>"; };
		1E9C931D2CB6B84F00173302 /* Assets.xcassets */ = {isa = PBXFileReference; lastKnownFileType = folder.assetcatalog; path = Assets.xcassets; sourceTree = "<group>"; };
		1E9C931F2CB6B84F00173302 /* Info.plist */ = {isa = PBXFileReference; lastKnownFileType = text.plist.xml; path = Info.plist; sourceTree = "<group>"; };
		1E9C93272CB6B88600173302 /* toDo.swift */ = {isa = PBXFileReference; lastKnownFileType = sourcecode.swift; path = toDo.swift; sourceTree = "<group>"; };
/* End PBXFileReference section */

/* Begin PBXFrameworksBuildPhase section */
		1E9C92FA2CB6B7ED00173302 /* Frameworks */ = {
			isa = PBXFrameworksBuildPhase;
			buildActionMask = 2147483647;
			files = (
			);
			runOnlyForDeploymentPostprocessing = 0;
		};
		1E9C930F2CB6B84D00173302 /* Frameworks */ = {
			isa = PBXFrameworksBuildPhase;
			buildActionMask = 2147483647;
			files = (
				1E9C93172CB6B84D00173302 /* SwiftUI.framework in Frameworks */,
				1E9C93152CB6B84D00173302 /* WidgetKit.framework in Frameworks */,
			);
			runOnlyForDeploymentPostprocessing = 0;
		};
/* End PBXFrameworksBuildPhase section */

/* Begin PBXGroup section */
		1E9C92F42CB6B7ED00173302 = {
			isa = PBXGroup;
			children = (
				1E9C92FF2CB6B7ED00173302 /* InteractiveWidgetKit */,
				1E9C93182CB6B84D00173302 /* ToDoWidget */,
				1E9C93132CB6B84D00173302 /* Frameworks */,
				1E9C92FE2CB6B7ED00173302 /* Products */,
			);
			sourceTree = "<group>";
		};
		1E9C92FE2CB6B7ED00173302 /* Products */ = {
			isa = PBXGroup;
			children = (
				1E9C92FD2CB6B7ED00173302 /* InteractiveWidgetKit.app */,
				1E9C93122CB6B84D00173302 /* ToDoWidgetExtension.appex */,
			);
			name = Products;
			sourceTree = "<group>";
		};
		1E9C92FF2CB6B7ED00173302 /* InteractiveWidgetKit */ = {
			isa = PBXGroup;
			children = (
				1E9C93002CB6B7ED00173302 /* InteractiveWidgetKitApp.swift */,
				1E9C93022CB6B7ED00173302 /* ContentView.swift */,
				1E9C93042CB6B7EE00173302 /* Assets.xcassets */,
				1E9C93062CB6B7EE00173302 /* Preview Content */,
				1E9C93272CB6B88600173302 /* toDo.swift */,
			);
			path = InteractiveWidgetKit;
			sourceTree = "<group>";
		};
		1E9C93062CB6B7EE00173302 /* Preview Content */ = {
			isa = PBXGroup;
			children = (
				1E9C93072CB6B7EE00173302 /* Preview Assets.xcassets */,
			);
			path = "Preview Content";
			sourceTree = "<group>";
		};
		1E9C93132CB6B84D00173302 /* Frameworks */ = {
			isa = PBXGroup;
			children = (
				1E9C93142CB6B84D00173302 /* WidgetKit.framework */,
				1E9C93162CB6B84D00173302 /* SwiftUI.framework */,
			);
			name = Frameworks;
			sourceTree = "<group>";
		};
		1E9C93182CB6B84D00173302 /* ToDoWidget */ = {
			isa = PBXGroup;
			children = (
				1E9C93192CB6B84D00173302 /* ToDoWidgetBundle.swift */,
				1E9C931B2CB6B84D00173302 /* ToDoWidget.swift */,
				1E9C931D2CB6B84F00173302 /* Assets.xcassets */,
				1E9C931F2CB6B84F00173302 /* Info.plist */,
				1E979AA72CB6FC3200A09FC2 /* CompleteToDoIntent.swift */,
			);
			path = ToDoWidget;
			sourceTree = "<group>";
		};
/* End PBXGroup section */

/* Begin PBXNativeTarget section */
		1E9C92FC2CB6B7ED00173302 /* InteractiveWidgetKit */ = {
			isa = PBXNativeTarget;
			buildConfigurationList = 1E9C930B2CB6B7EE00173302 /* Build configuration list for PBXNativeTarget "InteractiveWidgetKit" */;
			buildPhases = (
				1E9C92F92CB6B7ED00173302 /* Sources */,
				1E9C92FA2CB6B7ED00173302 /* Frameworks */,
				1E9C92FB2CB6B7ED00173302 /* Resources */,
				1E9C93262CB6B84F00173302 /* Embed Foundation Extensions */,
			);
			buildRules = (
			);
			dependencies = (
				1E9C93212CB6B84F00173302 /* PBXTargetDependency */,
			);
			name = InteractiveWidgetKit;
			productName = InteractiveWidgetKit;
			productReference = 1E9C92FD2CB6B7ED00173302 /* InteractiveWidgetKit.app */;
			productType = "com.apple.product-type.application";
		};
		1E9C93112CB6B84D00173302 /* ToDoWidgetExtension */ = {
			isa = PBXNativeTarget;
			buildConfigurationList = 1E9C93232CB6B84F00173302 /* Build configuration list for PBXNativeTarget "ToDoWidgetExtension" */;
			buildPhases = (
				1E9C930E2CB6B84D00173302 /* Sources */,
				1E9C930F2CB6B84D00173302 /* Frameworks */,
				1E9C93102CB6B84D00173302 /* Resources */,
			);
			buildRules = (
			);
			dependencies = (
			);
			name = ToDoWidgetExtension;
			productName = ToDoWidgetExtension;
			productReference = 1E9C93122CB6B84D00173302 /* ToDoWidgetExtension.appex */;
			productType = "com.apple.product-type.app-extension";
		};
/* End PBXNativeTarget section */

/* Begin PBXProject section */
		1E9C92F52CB6B7ED00173302 /* Project object */ = {
			isa = PBXProject;
			attributes = {
				BuildIndependentTargetsInParallel = 1;
				LastSwiftUpdateCheck = 1540;
				LastUpgradeCheck = 1540;
				TargetAttributes = {
					1E9C92FC2CB6B7ED00173302 = {
						CreatedOnToolsVersion = 15.4;
					};
					1E9C93112CB6B84D00173302 = {
						CreatedOnToolsVersion = 15.4;
					};
				};
			};
			buildConfigurationList = 1E9C92F82CB6B7ED00173302 /* Build configuration list for PBXProject "InteractiveWidgetKit" */;
			compatibilityVersion = "Xcode 14.0";
			developmentRegion = en;
			hasScannedForEncodings = 0;
			knownRegions = (
				en,
				Base,
			);
			mainGroup = 1E9C92F42CB6B7ED00173302;
			productRefGroup = 1E9C92FE2CB6B7ED00173302 /* Products */;
			projectDirPath = "";
			projectRoot = "";
			targets = (
				1E9C92FC2CB6B7ED00173302 /* InteractiveWidgetKit */,
				1E9C93112CB6B84D00173302 /* ToDoWidgetExtension */,
			);
		};
/* End PBXProject section */

/* Begin PBXResourcesBuildPhase section */
		1E9C92FB2CB6B7ED00173302 /* Resources */ = {
			isa = PBXResourcesBuildPhase;
			buildActionMask = 2147483647;
			files = (
				1E9C93082CB6B7EE00173302 /* Preview Assets.xcassets in Resources */,
				1E9C93052CB6B7EE00173302 /* Assets.xcassets in Resources */,
			);
			runOnlyForDeploymentPostprocessing = 0;
		};
		1E9C93102CB6B84D00173302 /* Resources */ = {
			isa = PBXResourcesBuildPhase;
			buildActionMask = 2147483647;
			files = (
				1E9C931E2CB6B84F00173302 /* Assets.xcassets in Resources */,
			);
			runOnlyForDeploymentPostprocessing = 0;
		};
/* End PBXResourcesBuildPhase section */

/* Begin PBXSourcesBuildPhase section */
		1E9C92F92CB6B7ED00173302 /* Sources */ = {
			isa = PBXSourcesBuildPhase;
			buildActionMask = 2147483647;
			files = (
				1E979AA82CB6FC3200A09FC2 /* CompleteToDoIntent.swift in Sources */,
				1E9C93282CB6B88600173302 /* toDo.swift in Sources */,
				1E9C93032CB6B7ED00173302 /* ContentView.swift in Sources */,
				1E9C93012CB6B7ED00173302 /* InteractiveWidgetKitApp.swift in Sources */,
			);
			runOnlyForDeploymentPostprocessing = 0;
		};
		1E9C930E2CB6B84D00173302 /* Sources */ = {
			isa = PBXSourcesBuildPhase;
			buildActionMask = 2147483647;
			files = (
				1E979AA92CB6FD5A00A09FC2 /* CompleteToDoIntent.swift in Sources */,
				1E9C93292CB6BEA400173302 /* toDo.swift in Sources */,
				1E9C931A2CB6B84D00173302 /* ToDoWidgetBundle.swift in Sources */,
				1E9C931C2CB6B84D00173302 /* ToDoWidget.swift in Sources */,
			);
			runOnlyForDeploymentPostprocessing = 0;
		};
/* End PBXSourcesBuildPhase section */

/* Begin PBXTargetDependency section */
		1E9C93212CB6B84F00173302 /* PBXTargetDependency */ = {
			isa = PBXTargetDependency;
			target = 1E9C93112CB6B84D00173302 /* ToDoWidgetExtension */;
			targetProxy = 1E9C93202CB6B84F00173302 /* PBXContainerItemProxy */;
		};
/* End PBXTargetDependency section */

/* Begin XCBuildConfiguration section */
		1E9C93092CB6B7EE00173302 /* Debug */ = {
			isa = XCBuildConfiguration;
			buildSettings = {
				ALWAYS_SEARCH_USER_PATHS = NO;
				ASSETCATALOG_COMPILER_GENERATE_SWIFT_ASSET_SYMBOL_EXTENSIONS = YES;
				CLANG_ANALYZER_NONNULL = YES;
				CLANG_ANALYZER_NUMBER_OBJECT_CONVERSION = YES_AGGRESSIVE;
				CLANG_CXX_LANGUAGE_STANDARD = "gnu++20";
				CLANG_ENABLE_MODULES = YES;
				CLANG_ENABLE_OBJC_ARC = YES;
				CLANG_ENABLE_OBJC_WEAK = YES;
				CLANG_WARN_BLOCK_CAPTURE_AUTORELEASING = YES;
				CLANG_WARN_BOOL_CONVERSION = YES;
				CLANG_WARN_COMMA = YES;
				CLANG_WARN_CONSTANT_CONVERSION = YES;
				CLANG_WARN_DEPRECATED_OBJC_IMPLEMENTATIONS = YES;
				CLANG_WARN_DIRECT_OBJC_ISA_USAGE = YES_ERROR;
				CLANG_WARN_DOCUMENTATION_COMMENTS = YES;
				CLANG_WARN_EMPTY_BODY = YES;
				CLANG_WARN_ENUM_CONVERSION = YES;
				CLANG_WARN_INFINITE_RECURSION = YES;
				CLANG_WARN_INT_CONVERSION = YES;
				CLANG_WARN_NON_LITERAL_NULL_CONVERSION = YES;
				CLANG_WARN_OBJC_IMPLICIT_RETAIN_SELF = YES;
				CLANG_WARN_OBJC_LITERAL_CONVERSION = YES;
				CLANG_WARN_OBJC_ROOT_CLASS = YES_ERROR;
				CLANG_WARN_QUOTED_INCLUDE_IN_FRAMEWORK_HEADER = YES;
				CLANG_WARN_RANGE_LOOP_ANALYSIS = YES;
				CLANG_WARN_STRICT_PROTOTYPES = YES;
				CLANG_WARN_SUSPICIOUS_MOVE = YES;
				CLANG_WARN_UNGUARDED_AVAILABILITY = YES_AGGRESSIVE;
				CLANG_WARN_UNREACHABLE_CODE = YES;
				CLANG_WARN__DUPLICATE_METHOD_MATCH = YES;
				COPY_PHASE_STRIP = NO;
				DEBUG_INFORMATION_FORMAT = dwarf;
				ENABLE_STRICT_OBJC_MSGSEND = YES;
				ENABLE_TESTABILITY = YES;
				ENABLE_USER_SCRIPT_SANDBOXING = YES;
				GCC_C_LANGUAGE_STANDARD = gnu17;
				GCC_DYNAMIC_NO_PIC = NO;
				GCC_NO_COMMON_BLOCKS = YES;
				GCC_OPTIMIZATION_LEVEL = 0;
				GCC_PREPROCESSOR_DEFINITIONS = (
					"DEBUG=1",
					"$(inherited)",
				);
				GCC_WARN_64_TO_32_BIT_CONVERSION = YES;
				GCC_WARN_ABOUT_RETURN_TYPE = YES_ERROR;
				GCC_WARN_UNDECLARED_SELECTOR = YES;
				GCC_WARN_UNINITIALIZED_AUTOS = YES_AGGRESSIVE;
				GCC_WARN_UNUSED_FUNCTION = YES;
				GCC_WARN_UNUSED_VARIABLE = YES;
				IPHONEOS_DEPLOYMENT_TARGET = 17.5;
				LOCALIZATION_PREFERS_STRING_CATALOGS = YES;
				MTL_ENABLE_DEBUG_INFO = INCLUDE_SOURCE;
				MTL_FAST_MATH = YES;
				ONLY_ACTIVE_ARCH = YES;
				SDKROOT = iphoneos;
				SWIFT_ACTIVE_COMPILATION_CONDITIONS = "DEBUG $(inherited)";
				SWIFT_OPTIMIZATION_LEVEL = "-Onone";
			};
			name = Debug;
		};
		1E9C930A2CB6B7EE00173302 /* Release */ = {
			isa = XCBuildConfiguration;
			buildSettings = {
				ALWAYS_SEARCH_USER_PATHS = NO;
				ASSETCATALOG_COMPILER_GENERATE_SWIFT_ASSET_SYMBOL_EXTENSIONS = YES;
				CLANG_ANALYZER_NONNULL = YES;
				CLANG_ANALYZER_NUMBER_OBJECT_CONVERSION = YES_AGGRESSIVE;
				CLANG_CXX_LANGUAGE_STANDARD = "gnu++20";
				CLANG_ENABLE_MODULES = YES;
				CLANG_ENABLE_OBJC_ARC = YES;
				CLANG_ENABLE_OBJC_WEAK = YES;
				CLANG_WARN_BLOCK_CAPTURE_AUTORELEASING = YES;
				CLANG_WARN_BOOL_CONVERSION = YES;
				CLANG_WARN_COMMA = YES;
				CLANG_WARN_CONSTANT_CONVERSION = YES;
				CLANG_WARN_DEPRECATED_OBJC_IMPLEMENTATIONS = YES;
				CLANG_WARN_DIRECT_OBJC_ISA_USAGE = YES_ERROR;
				CLANG_WARN_DOCUMENTATION_COMMENTS = YES;
				CLANG_WARN_EMPTY_BODY = YES;
				CLANG_WARN_ENUM_CONVERSION = YES;
				CLANG_WARN_INFINITE_RECURSION = YES;
				CLANG_WARN_INT_CONVERSION = YES;
				CLANG_WARN_NON_LITERAL_NULL_CONVERSION = YES;
				CLANG_WARN_OBJC_IMPLICIT_RETAIN_SELF = YES;
				CLANG_WARN_OBJC_LITERAL_CONVERSION = YES;
				CLANG_WARN_OBJC_ROOT_CLASS = YES_ERROR;
				CLANG_WARN_QUOTED_INCLUDE_IN_FRAMEWORK_HEADER = YES;
				CLANG_WARN_RANGE_LOOP_ANALYSIS = YES;
				CLANG_WARN_STRICT_PROTOTYPES = YES;
				CLANG_WARN_SUSPICIOUS_MOVE = YES;
				CLANG_WARN_UNGUARDED_AVAILABILITY = YES_AGGRESSIVE;
				CLANG_WARN_UNREACHABLE_CODE = YES;
				CLANG_WARN__DUPLICATE_METHOD_MATCH = YES;
				COPY_PHASE_STRIP = NO;
				DEBUG_INFORMATION_FORMAT = "dwarf-with-dsym";
				ENABLE_NS_ASSERTIONS = NO;
				ENABLE_STRICT_OBJC_MSGSEND = YES;
				ENABLE_USER_SCRIPT_SANDBOXING = YES;
				GCC_C_LANGUAGE_STANDARD = gnu17;
				GCC_NO_COMMON_BLOCKS = YES;
				GCC_WARN_64_TO_32_BIT_CONVERSION = YES;
				GCC_WARN_ABOUT_RETURN_TYPE = YES_ERROR;
				GCC_WARN_UNDECLARED_SELECTOR = YES;
				GCC_WARN_UNINITIALIZED_AUTOS = YES_AGGRESSIVE;
				GCC_WARN_UNUSED_FUNCTION = YES;
				GCC_WARN_UNUSED_VARIABLE = YES;
				IPHONEOS_DEPLOYMENT_TARGET = 17.5;
				LOCALIZATION_PREFERS_STRING_CATALOGS = YES;
				MTL_ENABLE_DEBUG_INFO = NO;
				MTL_FAST_MATH = YES;
				SDKROOT = iphoneos;
				SWIFT_COMPILATION_MODE = wholemodule;
				VALIDATE_PRODUCT = YES;
			};
			name = Release;
		};
		1E9C930C2CB6B7EE00173302 /* Debug */ = {
			isa = XCBuildConfiguration;
			buildSettings = {
				ALWAYS_EMBED_SWIFT_STANDARD_LIBRARIES = YES;
				ASSETCATALOG_COMPILER_APPICON_NAME = AppIcon;
				ASSETCATALOG_COMPILER_GLOBAL_ACCENT_COLOR_NAME = AccentColor;
				CODE_SIGN_STYLE = Automatic;
				CURRENT_PROJECT_VERSION = 1;
				DEVELOPMENT_ASSET_PATHS = "\"InteractiveWidgetKit/Preview Content\"";
				DEVELOPMENT_TEAM = 2A7PW787VZ;
				ENABLE_PREVIEWS = YES;
				GENERATE_INFOPLIST_FILE = YES;
				INFOPLIST_KEY_UIApplicationSceneManifest_Generation = YES;
				INFOPLIST_KEY_UIApplicationSupportsIndirectInputEvents = YES;
				INFOPLIST_KEY_UILaunchScreen_Generation = YES;
				INFOPLIST_KEY_UISupportedInterfaceOrientations_iPad = "UIInterfaceOrientationPortrait UIInterfaceOrientationPortraitUpsideDown UIInterfaceOrientationLandscapeLeft UIInterfaceOrientationLandscapeRight";
				INFOPLIST_KEY_UISupportedInterfaceOrientations_iPhone = "UIInterfaceOrientationPortrait UIInterfaceOrientationLandscapeLeft UIInterfaceOrientationLandscapeRight";
				LD_RUNPATH_SEARCH_PATHS = (
					"$(inherited)",
					"@executable_path/Frameworks",
				);
				MARKETING_VERSION = 1.0;
				PRODUCT_BUNDLE_IDENTIFIER = Sabri.InteractiveWidgetKit;
				PRODUCT_NAME = "$(TARGET_NAME)";
				SWIFT_EMIT_LOC_STRINGS = YES;
				SWIFT_VERSION = 5.0;
				TARGETED_DEVICE_FAMILY = "1,2";
			};
			name = Debug;
		};
		1E9C930D2CB6B7EE00173302 /* Release */ = {
			isa = XCBuildConfiguration;
			buildSettings = {
				ALWAYS_EMBED_SWIFT_STANDARD_LIBRARIES = YES;
				ASSETCATALOG_COMPILER_APPICON_NAME = AppIcon;
				ASSETCATALOG_COMPILER_GLOBAL_ACCENT_COLOR_NAME = AccentColor;
				CODE_SIGN_STYLE = Automatic;
				CURRENT_PROJECT_VERSION = 1;
				DEVELOPMENT_ASSET_PATHS = "\"InteractiveWidgetKit/Preview Content\"";
				DEVELOPMENT_TEAM = 2A7PW787VZ;
				ENABLE_PREVIEWS = YES;
				GENERATE_INFOPLIST_FILE = YES;
				INFOPLIST_KEY_UIApplicationSceneManifest_Generation = YES;
				INFOPLIST_KEY_UIApplicationSupportsIndirectInputEvents = YES;
				INFOPLIST_KEY_UILaunchScreen_Generation = YES;
				INFOPLIST_KEY_UISupportedInterfaceOrientations_iPad = "UIInterfaceOrientationPortrait UIInterfaceOrientationPortraitUpsideDown UIInterfaceOrientationLandscapeLeft UIInterfaceOrientationLandscapeRight";
				INFOPLIST_KEY_UISupportedInterfaceOrientations_iPhone = "UIInterfaceOrientationPortrait UIInterfaceOrientationLandscapeLeft UIInterfaceOrientationLandscapeRight";
				LD_RUNPATH_SEARCH_PATHS = (
					"$(inherited)",
					"@executable_path/Frameworks",
				);
				MARKETING_VERSION = 1.0;
				PRODUCT_BUNDLE_IDENTIFIER = Sabri.InteractiveWidgetKit;
				PRODUCT_NAME = "$(TARGET_NAME)";
				SWIFT_EMIT_LOC_STRINGS = YES;
				SWIFT_VERSION = 5.0;
				TARGETED_DEVICE_FAMILY = "1,2";
			};
			name = Release;
		};
		1E9C93242CB6B84F00173302 /* Debug */ = {
			isa = XCBuildConfiguration;
			buildSettings = {
				ASSETCATALOG_COMPILER_GLOBAL_ACCENT_COLOR_NAME = AccentColor;
				ASSETCATALOG_COMPILER_WIDGET_BACKGROUND_COLOR_NAME = WidgetBackground;
				CODE_SIGN_STYLE = Automatic;
				CURRENT_PROJECT_VERSION = 1;
				DEVELOPMENT_TEAM = 2A7PW787VZ;
				GENERATE_INFOPLIST_FILE = YES;
				INFOPLIST_FILE = ToDoWidget/Info.plist;
				INFOPLIST_KEY_CFBundleDisplayName = ToDoWidget;
				INFOPLIST_KEY_NSHumanReadableCopyright = "";
				LD_RUNPATH_SEARCH_PATHS = (
					"$(inherited)",
					"@executable_path/Frameworks",
					"@executable_path/../../Frameworks",
				);
				MARKETING_VERSION = 1.0;
				PRODUCT_BUNDLE_IDENTIFIER = Sabri.InteractiveWidgetKit.ToDoWidget;
				PRODUCT_NAME = "$(TARGET_NAME)";
				SKIP_INSTALL = YES;
				SWIFT_EMIT_LOC_STRINGS = YES;
				SWIFT_VERSION = 5.0;
				TARGETED_DEVICE_FAMILY = "1,2";
			};
			name = Debug;
		};
		1E9C93252CB6B84F00173302 /* Release */ = {
			isa = XCBuildConfiguration;
			buildSettings = {
				ASSETCATALOG_COMPILER_GLOBAL_ACCENT_COLOR_NAME = AccentColor;
				ASSETCATALOG_COMPILER_WIDGET_BACKGROUND_COLOR_NAME = WidgetBackground;
				CODE_SIGN_STYLE = Automatic;
				CURRENT_PROJECT_VERSION = 1;
				DEVELOPMENT_TEAM = 2A7PW787VZ;
				GENERATE_INFOPLIST_FILE = YES;
				INFOPLIST_FILE = ToDoWidget/Info.plist;
				INFOPLIST_KEY_CFBundleDisplayName = ToDoWidget;
				INFOPLIST_KEY_NSHumanReadableCopyright = "";
				LD_RUNPATH_SEARCH_PATHS = (
					"$(inherited)",
					"@executable_path/Frameworks",
					"@executable_path/../../Frameworks",
				);
				MARKETING_VERSION = 1.0;
				PRODUCT_BUNDLE_IDENTIFIER = Sabri.InteractiveWidgetKit.ToDoWidget;
				PRODUCT_NAME = "$(TARGET_NAME)";
				SKIP_INSTALL = YES;
				SWIFT_EMIT_LOC_STRINGS = YES;
				SWIFT_VERSION = 5.0;
				TARGETED_DEVICE_FAMILY = "1,2";
			};
			name = Release;
		};
/* End XCBuildConfiguration section */

/* Begin XCConfigurationList section */
		1E9C92F82CB6B7ED00173302 /* Build configuration list for PBXProject "InteractiveWidgetKit" */ = {
			isa = XCConfigurationList;
			buildConfigurations = (
				1E9C93092CB6B7EE00173302 /* Debug */,
				1E9C930A2CB6B7EE00173302 /* Release */,
			);
			defaultConfigurationIsVisible = 0;
			defaultConfigurationName = Release;
		};
		1E9C930B2CB6B7EE00173302 /* Build configuration list for PBXNativeTarget "InteractiveWidgetKit" */ = {
			isa = XCConfigurationList;
			buildConfigurations = (
				1E9C930C2CB6B7EE00173302 /* Debug */,
				1E9C930D2CB6B7EE00173302 /* Release */,
			);
			defaultConfigurationIsVisible = 0;
			defaultConfigurationName = Release;
		};
		1E9C93232CB6B84F00173302 /* Build configuration list for PBXNativeTarget "ToDoWidgetExtension" */ = {
			isa = XCConfigurationList;
			buildConfigurations = (
				1E9C93242CB6B84F00173302 /* Debug */,
				1E9C93252CB6B84F00173302 /* Release */,
			);
			defaultConfigurationIsVisible = 0;
			defaultConfigurationName = Release;
		};
/* End XCConfigurationList section */
	};
	rootObject = 1E9C92F52CB6B7ED00173302 /* Project object */;
}
